// !$*UTF8*$!
{
	archiveVersion = 1;
	classes = {
	};
	objectVersion = 46;
	objects = {

/* Begin PBXBuildFile section */
		D0DDE07F1C3CD4DD00C4DC00 /* AppDelegate.swift in Sources */ = {isa = PBXBuildFile; fileRef = D0DDE07E1C3CD4DD00C4DC00 /* AppDelegate.swift */; };
		D0DDE0841C3CD4DD00C4DC00 /* Main.storyboard in Resources */ = {isa = PBXBuildFile; fileRef = D0DDE0821C3CD4DD00C4DC00 /* Main.storyboard */; };
		D0DDE0861C3CD4DD00C4DC00 /* Assets.xcassets in Resources */ = {isa = PBXBuildFile; fileRef = D0DDE0851C3CD4DD00C4DC00 /* Assets.xcassets */; };
		D0DDE0891C3CD4DD00C4DC00 /* LaunchScreen.storyboard in Resources */ = {isa = PBXBuildFile; fileRef = D0DDE0871C3CD4DD00C4DC00 /* LaunchScreen.storyboard */; };
		D0DDE0AD1C3CDA2E00C4DC00 /* README.txt in Resources */ = {isa = PBXBuildFile; fileRef = D0DDE0AC1C3CDA2E00C4DC00 /* README.txt */; };
		D0DDE0AF1C3CDCCA00C4DC00 /* MoviesViewController.swift in Sources */ = {isa = PBXBuildFile; fileRef = D0DDE0AE1C3CDCCA00C4DC00 /* MoviesViewController.swift */; };
		D0DDE0B21C3CEA8A00C4DC00 /* MovieCell.swift in Sources */ = {isa = PBXBuildFile; fileRef = D0DDE0B11C3CEA8A00C4DC00 /* MovieCell.swift */; };
/* End PBXBuildFile section */

/* Begin PBXContainerItemProxy section */
		D0DDE0901C3CD4DD00C4DC00 /* PBXContainerItemProxy */ = {
			isa = PBXContainerItemProxy;
			containerPortal = D0DDE0731C3CD4DD00C4DC00 /* Project object */;
			proxyType = 1;
			remoteGlobalIDString = D0DDE07A1C3CD4DD00C4DC00;
			remoteInfo = ReMovie;
		};
		D0DDE09B1C3CD4DD00C4DC00 /* PBXContainerItemProxy */ = {
			isa = PBXContainerItemProxy;
			containerPortal = D0DDE0731C3CD4DD00C4DC00 /* Project object */;
			proxyType = 1;
			remoteGlobalIDString = D0DDE07A1C3CD4DD00C4DC00;
			remoteInfo = ReMovie;
		};
/* End PBXContainerItemProxy section */

/* Begin PBXFileReference section */
		D0DDE07B1C3CD4DD00C4DC00 /* ReMovie.app */ = {isa = PBXFileReference; explicitFileType = wrapper.application; includeInIndex = 0; path = ReMovie.app; sourceTree = BUILT_PRODUCTS_DIR; };
		D0DDE07E1C3CD4DD00C4DC00 /* AppDelegate.swift */ = {isa = PBXFileReference; lastKnownFileType = sourcecode.swift; path = AppDelegate.swift; sourceTree = "<group>"; };
		D0DDE0831C3CD4DD00C4DC00 /* Base */ = {isa = PBXFileReference; lastKnownFileType = file.storyboard; name = Base; path = Base.lproj/Main.storyboard; sourceTree = "<group>"; };
		D0DDE0851C3CD4DD00C4DC00 /* Assets.xcassets */ = {isa = PBXFileReference; lastKnownFileType = folder.assetcatalog; path = Assets.xcassets; sourceTree = "<group>"; };
		D0DDE0881C3CD4DD00C4DC00 /* Base */ = {isa = PBXFileReference; lastKnownFileType = file.storyboard; name = Base; path = Base.lproj/LaunchScreen.storyboard; sourceTree = "<group>"; };
		D0DDE08A1C3CD4DD00C4DC00 /* Info.plist */ = {isa = PBXFileReference; lastKnownFileType = text.plist.xml; path = Info.plist; sourceTree = "<group>"; };
		D0DDE08F1C3CD4DD00C4DC00 /* ReMovieTests.xctest */ = {isa = PBXFileReference; explicitFileType = wrapper.cfbundle; includeInIndex = 0; path = ReMovieTests.xctest; sourceTree = BUILT_PRODUCTS_DIR; };
		D0DDE09A1C3CD4DD00C4DC00 /* ReMovieUITests.xctest */ = {isa = PBXFileReference; explicitFileType = wrapper.cfbundle; includeInIndex = 0; path = ReMovieUITests.xctest; sourceTree = BUILT_PRODUCTS_DIR; };
		D0DDE0AC1C3CDA2E00C4DC00 /* README.txt */ = {isa = PBXFileReference; fileEncoding = 4; lastKnownFileType = text; path = README.txt; sourceTree = "<group>"; };
		D0DDE0AE1C3CDCCA00C4DC00 /* MoviesViewController.swift */ = {isa = PBXFileReference; fileEncoding = 4; lastKnownFileType = sourcecode.swift; path = MoviesViewController.swift; sourceTree = "<group>"; };
		D0DDE0B11C3CEA8A00C4DC00 /* MovieCell.swift */ = {isa = PBXFileReference; fileEncoding = 4; lastKnownFileType = sourcecode.swift; path = MovieCell.swift; sourceTree = "<group>"; };
/* End PBXFileReference section */

/* Begin PBXFrameworksBuildPhase section */
		D0DDE0781C3CD4DD00C4DC00 /* Frameworks */ = {
			isa = PBXFrameworksBuildPhase;
			buildActionMask = 2147483647;
			files = (
			);
			runOnlyForDeploymentPostprocessing = 0;
		};
		D0DDE08C1C3CD4DD00C4DC00 /* Frameworks */ = {
			isa = PBXFrameworksBuildPhase;
			buildActionMask = 2147483647;
			files = (
			);
			runOnlyForDeploymentPostprocessing = 0;
		};
		D0DDE0971C3CD4DD00C4DC00 /* Frameworks */ = {
			isa = PBXFrameworksBuildPhase;
			buildActionMask = 2147483647;
			files = (
			);
			runOnlyForDeploymentPostprocessing = 0;
		};
/* End PBXFrameworksBuildPhase section */

/* Begin PBXGroup section */
		D0DDE0721C3CD4DD00C4DC00 = {
			isa = PBXGroup;
			children = (
				D0DDE0AC1C3CDA2E00C4DC00 /* README.txt */,
				D0DDE07D1C3CD4DD00C4DC00 /* ReMovie */,
				D0DDE07C1C3CD4DD00C4DC00 /* Products */,
			);
			sourceTree = "<group>";
		};
		D0DDE07C1C3CD4DD00C4DC00 /* Products */ = {
			isa = PBXGroup;
			children = (
				D0DDE07B1C3CD4DD00C4DC00 /* ReMovie.app */,
				D0DDE08F1C3CD4DD00C4DC00 /* ReMovieTests.xctest */,
				D0DDE09A1C3CD4DD00C4DC00 /* ReMovieUITests.xctest */,
			);
			name = Products;
			sourceTree = "<group>";
		};
		D0DDE07D1C3CD4DD00C4DC00 /* ReMovie */ = {
			isa = PBXGroup;
			children = (
				D0DDE0B31C3CEA9D00C4DC00 /* ViewControllers */,
				D0DDE0B01C3CEA4F00C4DC00 /* Views */,
				D0DDE07E1C3CD4DD00C4DC00 /* AppDelegate.swift */,
				D0DDE0821C3CD4DD00C4DC00 /* Main.storyboard */,
				D0DDE0851C3CD4DD00C4DC00 /* Assets.xcassets */,
				D0DDE0871C3CD4DD00C4DC00 /* LaunchScreen.storyboard */,
				D0DDE08A1C3CD4DD00C4DC00 /* Info.plist */,
			);
			path = ReMovie;
			sourceTree = "<group>";
		};
		D0DDE0B01C3CEA4F00C4DC00 /* Views */ = {
			isa = PBXGroup;
			children = (
				D0DDE0B11C3CEA8A00C4DC00 /* MovieCell.swift */,
			);
			name = Views;
			sourceTree = "<group>";
		};
		D0DDE0B31C3CEA9D00C4DC00 /* ViewControllers */ = {
			isa = PBXGroup;
			children = (
				D0DDE0AE1C3CDCCA00C4DC00 /* MoviesViewController.swift */,
			);
			name = ViewControllers;
			sourceTree = "<group>";
		};
/* End PBXGroup section */

/* Begin PBXNativeTarget section */
		D0DDE07A1C3CD4DD00C4DC00 /* ReMovie */ = {
			isa = PBXNativeTarget;
			buildConfigurationList = D0DDE0A31C3CD4DD00C4DC00 /* Build configuration list for PBXNativeTarget "ReMovie" */;
			buildPhases = (
				D0DDE0771C3CD4DD00C4DC00 /* Sources */,
				D0DDE0781C3CD4DD00C4DC00 /* Frameworks */,
				D0DDE0791C3CD4DD00C4DC00 /* Resources */,
			);
			buildRules = (
			);
			dependencies = (
			);
			name = ReMovie;
			productName = ReMovie;
			productReference = D0DDE07B1C3CD4DD00C4DC00 /* ReMovie.app */;
			productType = "com.apple.product-type.application";
		};
		D0DDE08E1C3CD4DD00C4DC00 /* ReMovieTests */ = {
			isa = PBXNativeTarget;
			buildConfigurationList = D0DDE0A61C3CD4DD00C4DC00 /* Build configuration list for PBXNativeTarget "ReMovieTests" */;
			buildPhases = (
				D0DDE08B1C3CD4DD00C4DC00 /* Sources */,
				D0DDE08C1C3CD4DD00C4DC00 /* Frameworks */,
				D0DDE08D1C3CD4DD00C4DC00 /* Resources */,
			);
			buildRules = (
			);
			dependencies = (
				D0DDE0911C3CD4DD00C4DC00 /* PBXTargetDependency */,
			);
			name = ReMovieTests;
			productName = ReMovieTests;
			productReference = D0DDE08F1C3CD4DD00C4DC00 /* ReMovieTests.xctest */;
			productType = "com.apple.product-type.bundle.unit-test";
		};
		D0DDE0991C3CD4DD00C4DC00 /* ReMovieUITests */ = {
			isa = PBXNativeTarget;
			buildConfigurationList = D0DDE0A91C3CD4DD00C4DC00 /* Build configuration list for PBXNativeTarget "ReMovieUITests" */;
			buildPhases = (
				D0DDE0961C3CD4DD00C4DC00 /* Sources */,
				D0DDE0971C3CD4DD00C4DC00 /* Frameworks */,
				D0DDE0981C3CD4DD00C4DC00 /* Resources */,
			);
			buildRules = (
			);
			dependencies = (
				D0DDE09C1C3CD4DD00C4DC00 /* PBXTargetDependency */,
			);
			name = ReMovieUITests;
			productName = ReMovieUITests;
			productReference = D0DDE09A1C3CD4DD00C4DC00 /* ReMovieUITests.xctest */;
			productType = "com.apple.product-type.bundle.ui-testing";
		};
/* End PBXNativeTarget section */

/* Begin PBXProject section */
		D0DDE0731C3CD4DD00C4DC00 /* Project object */ = {
			isa = PBXProject;
			attributes = {
				LastSwiftUpdateCheck = 0720;
				LastUpgradeCheck = 0720;
				ORGANIZATIONNAME = codepath;
				TargetAttributes = {
					D0DDE07A1C3CD4DD00C4DC00 = {
						CreatedOnToolsVersion = 7.2;
						DevelopmentTeam = QG865YUFVZ;
					};
					D0DDE08E1C3CD4DD00C4DC00 = {
						CreatedOnToolsVersion = 7.2;
						DevelopmentTeam = QG865YUFVZ;
						TestTargetID = D0DDE07A1C3CD4DD00C4DC00;
					};
					D0DDE0991C3CD4DD00C4DC00 = {
						CreatedOnToolsVersion = 7.2;
						DevelopmentTeam = QG865YUFVZ;
						TestTargetID = D0DDE07A1C3CD4DD00C4DC00;
					};
				};
			};
			buildConfigurationList = D0DDE0761C3CD4DD00C4DC00 /* Build configuration list for PBXProject "ReMovie" */;
			compatibilityVersion = "Xcode 3.2";
			developmentRegion = English;
			hasScannedForEncodings = 0;
			knownRegions = (
				en,
				Base,
			);
			mainGroup = D0DDE0721C3CD4DD00C4DC00;
			productRefGroup = D0DDE07C1C3CD4DD00C4DC00 /* Products */;
			projectDirPath = "";
			projectRoot = "";
			targets = (
				D0DDE07A1C3CD4DD00C4DC00 /* ReMovie */,
				D0DDE08E1C3CD4DD00C4DC00 /* ReMovieTests */,
				D0DDE0991C3CD4DD00C4DC00 /* ReMovieUITests */,
			);
		};
/* End PBXProject section */

/* Begin PBXResourcesBuildPhase section */
		D0DDE0791C3CD4DD00C4DC00 /* Resources */ = {
			isa = PBXResourcesBuildPhase;
			buildActionMask = 2147483647;
			files = (
				D0DDE0891C3CD4DD00C4DC00 /* LaunchScreen.storyboard in Resources */,
				D0DDE0861C3CD4DD00C4DC00 /* Assets.xcassets in Resources */,
				D0DDE0AD1C3CDA2E00C4DC00 /* README.txt in Resources */,
				D0DDE0841C3CD4DD00C4DC00 /* Main.storyboard in Resources */,
			);
			runOnlyForDeploymentPostprocessing = 0;
		};
		D0DDE08D1C3CD4DD00C4DC00 /* Resources */ = {
			isa = PBXResourcesBuildPhase;
			buildActionMask = 2147483647;
			files = (
			);
			runOnlyForDeploymentPostprocessing = 0;
		};
		D0DDE0981C3CD4DD00C4DC00 /* Resources */ = {
			isa = PBXResourcesBuildPhase;
			buildActionMask = 2147483647;
			files = (
			);
			runOnlyForDeploymentPostprocessing = 0;
		};
/* End PBXResourcesBuildPhase section */

/* Begin PBXSourcesBuildPhase section */
		D0DDE0771C3CD4DD00C4DC00 /* Sources */ = {
			isa = PBXSourcesBuildPhase;
			buildActionMask = 2147483647;
			files = (
				D0DDE07F1C3CD4DD00C4DC00 /* AppDelegate.swift in Sources */,
				D0DDE0AF1C3CDCCA00C4DC00 /* MoviesViewController.swift in Sources */,
				D0DDE0B21C3CEA8A00C4DC00 /* MovieCell.swift in Sources */,
			);
			runOnlyForDeploymentPostprocessing = 0;
		};
		D0DDE08B1C3CD4DD00C4DC00 /* Sources */ = {
			isa = PBXSourcesBuildPhase;
			buildActionMask = 2147483647;
			files = (
			);
			runOnlyForDeploymentPostprocessing = 0;
		};
		D0DDE0961C3CD4DD00C4DC00 /* Sources */ = {
			isa = PBXSourcesBuildPhase;
			buildActionMask = 2147483647;
			files = (
			);
			runOnlyForDeploymentPostprocessing = 0;
		};
/* End PBXSourcesBuildPhase section */

/* Begin PBXTargetDependency section */
		D0DDE0911C3CD4DD00C4DC00 /* PBXTargetDependency */ = {
			isa = PBXTargetDependency;
			target = D0DDE07A1C3CD4DD00C4DC00 /* ReMovie */;
			targetProxy = D0DDE0901C3CD4DD00C4DC00 /* PBXContainerItemProxy */;
		};
		D0DDE09C1C3CD4DD00C4DC00 /* PBXTargetDependency */ = {
			isa = PBXTargetDependency;
			target = D0DDE07A1C3CD4DD00C4DC00 /* ReMovie */;
			targetProxy = D0DDE09B1C3CD4DD00C4DC00 /* PBXContainerItemProxy */;
		};
/* End PBXTargetDependency section */

/* Begin PBXVariantGroup section */
		D0DDE0821C3CD4DD00C4DC00 /* Main.storyboard */ = {
			isa = PBXVariantGroup;
			children = (
				D0DDE0831C3CD4DD00C4DC00 /* Base */,
			);
			name = Main.storyboard;
			sourceTree = "<group>";
		};
		D0DDE0871C3CD4DD00C4DC00 /* LaunchScreen.storyboard */ = {
			isa = PBXVariantGroup;
			children = (
				D0DDE0881C3CD4DD00C4DC00 /* Base */,
			);
			name = LaunchScreen.storyboard;
			sourceTree = "<group>";
		};
/* End PBXVariantGroup section */

/* Begin XCBuildConfiguration section */
		D0DDE0A11C3CD4DD00C4DC00 /* Debug */ = {
			isa = XCBuildConfiguration;
			buildSettings = {
				ALWAYS_SEARCH_USER_PATHS = NO;
				CLANG_CXX_LANGUAGE_STANDARD = "gnu++0x";
				CLANG_CXX_LIBRARY = "libc++";
				CLANG_ENABLE_MODULES = YES;
				CLANG_ENABLE_OBJC_ARC = YES;
				CLANG_WARN_BOOL_CONVERSION = YES;
				CLANG_WARN_CONSTANT_CONVERSION = YES;
				CLANG_WARN_DIRECT_OBJC_ISA_USAGE = YES_ERROR;
				CLANG_WARN_EMPTY_BODY = YES;
				CLANG_WARN_ENUM_CONVERSION = YES;
				CLANG_WARN_INT_CONVERSION = YES;
				CLANG_WARN_OBJC_ROOT_CLASS = YES_ERROR;
				CLANG_WARN_UNREACHABLE_CODE = YES;
				CLANG_WARN__DUPLICATE_METHOD_MATCH = YES;
				"CODE_SIGN_IDENTITY[sdk=iphoneos*]" = "iPhone Developer";
				COPY_PHASE_STRIP = NO;
				DEBUG_INFORMATION_FORMAT = dwarf;
				ENABLE_STRICT_OBJC_MSGSEND = YES;
				ENABLE_TESTABILITY = YES;
				GCC_C_LANGUAGE_STANDARD = gnu99;
				GCC_DYNAMIC_NO_PIC = NO;
				GCC_NO_COMMON_BLOCKS = YES;
				GCC_OPTIMIZATION_LEVEL = 0;
				GCC_PREPROCESSOR_DEFINITIONS = (
					"DEBUG=1",
					"$(inherited)",
				);
				GCC_WARN_64_TO_32_BIT_CONVERSION = YES;
				GCC_WARN_ABOUT_RETURN_TYPE = YES_ERROR;
				GCC_WARN_UNDECLARED_SELECTOR = YES;
				GCC_WARN_UNINITIALIZED_AUTOS = YES_AGGRESSIVE;
				GCC_WARN_UNUSED_FUNCTION = YES;
				GCC_WARN_UNUSED_VARIABLE = YES;
				IPHONEOS_DEPLOYMENT_TARGET = 9.2;
				MTL_ENABLE_DEBUG_INFO = YES;
				ONLY_ACTIVE_ARCH = YES;
				SDKROOT = iphoneos;
				SWIFT_OPTIMIZATION_LEVEL = "-Onone";
				TARGETED_DEVICE_FAMILY = "1,2";
			};
			name = Debug;
		};
		D0DDE0A21C3CD4DD00C4DC00 /* Release */ = {
			isa = XCBuildConfiguration;
			buildSettings = {
				ALWAYS_SEARCH_USER_PATHS = NO;
				CLANG_CXX_LANGUAGE_STANDARD = "gnu++0x";
				CLANG_CXX_LIBRARY = "libc++";
				CLANG_ENABLE_MODULES = YES;
				CLANG_ENABLE_OBJC_ARC = YES;
				CLANG_WARN_BOOL_CONVERSION = YES;
				CLANG_WARN_CONSTANT_CONVERSION = YES;
				CLANG_WARN_DIRECT_OBJC_ISA_USAGE = YES_ERROR;
				CLANG_WARN_EMPTY_BODY = YES;
				CLANG_WARN_ENUM_CONVERSION = YES;
				CLANG_WARN_INT_CONVERSION = YES;
				CLANG_WARN_OBJC_ROOT_CLASS = YES_ERROR;
				CLANG_WARN_UNREACHABLE_CODE = YES;
				CLANG_WARN__DUPLICATE_METHOD_MATCH = YES;
				"CODE_SIGN_IDENTITY[sdk=iphoneos*]" = "iPhone Developer";
				COPY_PHASE_STRIP = NO;
				DEBUG_INFORMATION_FORMAT = "dwarf-with-dsym";
				ENABLE_NS_ASSERTIONS = NO;
				ENABLE_STRICT_OBJC_MSGSEND = YES;
				GCC_C_LANGUAGE_STANDARD = gnu99;
				GCC_NO_COMMON_BLOCKS = YES;
				GCC_WARN_64_TO_32_BIT_CONVERSION = YES;
				GCC_WARN_ABOUT_RETURN_TYPE = YES_ERROR;
				GCC_WARN_UNDECLARED_SELECTOR = YES;
				GCC_WARN_UNINITIALIZED_AUTOS = YES_AGGRESSIVE;
				GCC_WARN_UNUSED_FUNCTION = YES;
				GCC_WARN_UNUSED_VARIABLE = YES;
				IPHONEOS_DEPLOYMENT_TARGET = 9.2;
				MTL_ENABLE_DEBUG_INFO = NO;
				SDKROOT = iphoneos;
				TARGETED_DEVICE_FAMILY = "1,2";
				VALIDATE_PRODUCT = YES;
			};
			name = Release;
		};
		D0DDE0A41C3CD4DD00C4DC00 /* Debug */ = {
			isa = XCBuildConfiguration;
			buildSettings = {
				ASSETCATALOG_COMPILER_APPICON_NAME = AppIcon;
				INFOPLIST_FILE = ReMovie/Info.plist;
				LD_RUNPATH_SEARCH_PATHS = "$(inherited) @executable_path/Frameworks";
				PRODUCT_BUNDLE_IDENTIFIER = com.codepath.ReMovie;
				PRODUCT_NAME = "$(TARGET_NAME)";
			};
			name = Debug;
		};
		D0DDE0A51C3CD4DD00C4DC00 /* Release */ = {
			isa = XCBuildConfiguration;
			buildSettings = {
				ASSETCATALOG_COMPILER_APPICON_NAME = AppIcon;
				INFOPLIST_FILE = ReMovie/Info.plist;
				LD_RUNPATH_SEARCH_PATHS = "$(inherited) @executable_path/Frameworks";
				PRODUCT_BUNDLE_IDENTIFIER = com.codepath.ReMovie;
				PRODUCT_NAME = "$(TARGET_NAME)";
			};
			name = Release;
		};
		D0DDE0A71C3CD4DD00C4DC00 /* Debug */ = {
			isa = XCBuildConfiguration;
			buildSettings = {
				BUNDLE_LOADER = "$(TEST_HOST)";
				INFOPLIST_FILE = ReMovieTests/Info.plist;
				LD_RUNPATH_SEARCH_PATHS = "$(inherited) @executable_path/Frameworks @loader_path/Frameworks";
				PRODUCT_BUNDLE_IDENTIFIER = com.codepath.ReMovieTests;
				PRODUCT_NAME = "$(TARGET_NAME)";
				TEST_HOST = "$(BUILT_PRODUCTS_DIR)/ReMovie.app/ReMovie";
			};
			name = Debug;
		};
		D0DDE0A81C3CD4DD00C4DC00 /* Release */ = {
			isa = XCBuildConfiguration;
			buildSettings = {
				BUNDLE_LOADER = "$(TEST_HOST)";
				INFOPLIST_FILE = ReMovieTests/Info.plist;
				LD_RUNPATH_SEARCH_PATHS = "$(inherited) @executable_path/Frameworks @loader_path/Frameworks";
				PRODUCT_BUNDLE_IDENTIFIER = com.codepath.ReMovieTests;
				PRODUCT_NAME = "$(TARGET_NAME)";
				TEST_HOST = "$(BUILT_PRODUCTS_DIR)/ReMovie.app/ReMovie";
			};
			name = Release;
		};
		D0DDE0AA1C3CD4DD00C4DC00 /* Debug */ = {
			isa = XCBuildConfiguration;
			buildSettings = {
				INFOPLIST_FILE = ReMovieUITests/Info.plist;
				LD_RUNPATH_SEARCH_PATHS = "$(inherited) @executable_path/Frameworks @loader_path/Frameworks";
				PRODUCT_BUNDLE_IDENTIFIER = com.codepath.ReMovieUITests;
				PRODUCT_NAME = "$(TARGET_NAME)";
				TEST_TARGET_NAME = ReMovie;
				USES_XCTRUNNER = YES;
			};
			name = Debug;
		};
		D0DDE0AB1C3CD4DD00C4DC00 /* Release */ = {
			isa = XCBuildConfiguration;
			buildSettings = {
				INFOPLIST_FILE = ReMovieUITests/Info.plist;
				LD_RUNPATH_SEARCH_PATHS = "$(inherited) @executable_path/Frameworks @loader_path/Frameworks";
				PRODUCT_BUNDLE_IDENTIFIER = com.codepath.ReMovieUITests;
				PRODUCT_NAME = "$(TARGET_NAME)";
				TEST_TARGET_NAME = ReMovie;
				USES_XCTRUNNER = YES;
			};
			name = Release;
		};
/* End XCBuildConfiguration section */

/* Begin XCConfigurationList section */
		D0DDE0761C3CD4DD00C4DC00 /* Build configuration list for PBXProject "ReMovie" */ = {
			isa = XCConfigurationList;
			buildConfigurations = (
				D0DDE0A11C3CD4DD00C4DC00 /* Debug */,
				D0DDE0A21C3CD4DD00C4DC00 /* Release */,
			);
			defaultConfigurationIsVisible = 0;
			defaultConfigurationName = Release;
		};
		D0DDE0A31C3CD4DD00C4DC00 /* Build configuration list for PBXNativeTarget "ReMovie" */ = {
			isa = XCConfigurationList;
			buildConfigurations = (
				D0DDE0A41C3CD4DD00C4DC00 /* Debug */,
				D0DDE0A51C3CD4DD00C4DC00 /* Release */,
			);
			defaultConfigurationIsVisible = 0;
		};
		D0DDE0A61C3CD4DD00C4DC00 /* Build configuration list for PBXNativeTarget "ReMovieTests" */ = {
			isa = XCConfigurationList;
			buildConfigurations = (
				D0DDE0A71C3CD4DD00C4DC00 /* Debug */,
				D0DDE0A81C3CD4DD00C4DC00 /* Release */,
			);
			defaultConfigurationIsVisible = 0;
		};
		D0DDE0A91C3CD4DD00C4DC00 /* Build configuration list for PBXNativeTarget "ReMovieUITests" */ = {
			isa = XCConfigurationList;
			buildConfigurations = (
				D0DDE0AA1C3CD4DD00C4DC00 /* Debug */,
				D0DDE0AB1C3CD4DD00C4DC00 /* Release */,
			);
			defaultConfigurationIsVisible = 0;
		};
/* End XCConfigurationList section */
	};
	rootObject = D0DDE0731C3CD4DD00C4DC00 /* Project object */;
}
